{
  "name": "@udacity/cloudflare-worker-mock",
  "version": "1.0.0-rc2",
  "lockfileVersion": 1,
  "requires": true,
  "dependencies": {
    "@udacity/types-cloudflare-worker": {
      "version": "1.0.0-rc1",
      "resolved": "https://registry.npmjs.org/@udacity/types-cloudflare-worker/-/types-cloudflare-worker-1.0.0-rc1.tgz",
      "integrity": "sha512-2NwNKOTVhQMc4xx8H5835uF35i3X7CpiTPhrRGou0x20pp6rLYAs53xIZzInq8FtMkkCS4WkOiuJIy4nlJGhig==",
      "dev": true
    },
    "browser-process-hrtime": {
      "version": "0.1.3",
      "resolved": "https://registry.npmjs.org/browser-process-hrtime/-/browser-process-hrtime-0.1.3.tgz",
      "integrity": "sha512-bRFnI4NnjO6cnyLmOV/7PVoDEMJChlcfN0z4s1YMBY989/SvlfMI1lgCnkFUs53e9gQF+w7qu7XdllSTiSl8Aw==",
      "dev": true
    },
    "dom-urls": {
      "version": "1.1.0",
      "resolved": "https://registry.npmjs.org/dom-urls/-/dom-urls-1.1.0.tgz",
      "integrity": "sha1-AB3fgWKM0ecGElxxdvU8zsVdkY4=",
      "dev": true,
      "requires": {
        "urijs": "^1.16.1"
      }
    },
    "service-worker-mock": {
      "version": "2.0.0",
      "resolved": "https://registry.npmjs.org/service-worker-mock/-/service-worker-mock-2.0.0.tgz",
      "integrity": "sha512-78AENCPDpdU6wkrSEAcMV4hSOPdZHSEZmyWV5WfLEw8sg2oT8mbkDaDRkYPCJ60Invw3nsM4YoYIToF32JbBFg==",
      "dev": true,
      "requires": {
        "dom-urls": "^1.1.0",
        "shelving-mock-indexeddb": "github:philipwalton/shelving-mock-indexeddb#621b7a275568051846d20e3e557fa1101418b1d1",
        "url-search-params": "^0.10.0",
        "w3c-hr-time": "^1.0.1"
      }
    },
    "shelving-mock-event": {
      "version": "1.0.12",
      "resolved": "https://registry.npmjs.org/shelving-mock-event/-/shelving-mock-event-1.0.12.tgz",
      "integrity": "sha512-2F+IZ010rwV3sA/Kd2hnC1vGNycsxeBJmjkXR8+4IOlv5e+Wvj+xH+A8Cv8/Z0lUyCut/HcxSpeDccYTVtnuaQ==",
      "dev": true
    },
    "shelving-mock-indexeddb": {
      "version": "github:philipwalton/shelving-mock-indexeddb#621b7a275568051846d20e3e557fa1101418b1d1",
      "from": "github:philipwalton/shelving-mock-indexeddb#621b7a275568051846d20e3e557fa1101418b1d1",
      "dev": true,
      "requires": {
        "shelving-mock-event": "^1.0.8"
      }
    },
    "urijs": {
      "version": "1.19.1",
      "resolved": "https://registry.npmjs.org/urijs/-/urijs-1.19.1.tgz",
      "integrity": "sha512-xVrGVi94ueCJNrBSTjWqjvtgvl3cyOTThp2zaMaFNGp3F542TR6sM3f2o8RqZl+AwteClSVmoCyt0ka4RjQOQg==",
      "dev": true
    },
    "url-search-params": {
      "version": "0.10.2",
      "resolved": "https://registry.npmjs.org/url-search-params/-/url-search-params-0.10.2.tgz",
      "integrity": "sha512-d6GYsr992Bo9rzTZFc9BUw3UFAAg3prE9JGVBgW2TLTbI3rSvg4VDa0BFXHMzKkWbAuhrmaFWpucpRJl+3W7Jg==",
      "dev": true
    },
    "w3c-hr-time": {
      "version": "1.0.1",
      "resolved": "https://registry.npmjs.org/w3c-hr-time/-/w3c-hr-time-1.0.1.tgz",
      "integrity": "sha1-gqwr/2PZUOqeMYmlimViX+3xkEU=",
      "dev": true,
      "requires": {
        "browser-process-hrtime": "^0.1.2"
      }
    }
  }
}
