{
  "name": "types-cloudflare-worker",
  "version": "1.1.0",
  "lockfileVersion": 1,
  "requires": true,
  "dependencies": {
    "@types/node": {
      "version": "12.6.4",
      "resolved": "https://registry.npmjs.org/@types/node/-/node-12.6.4.tgz",
      "integrity": "sha512-ZKrDzI6KhrqtLpccI1YxMh4d+qzNnftNtp6iL9c4mLTNgzguFu7VR7pXH/C/MfzikMeoXjvISL9mlIGNGGDXDg==",
      "dev": true
    }
  }
}
