{
  "name": "types-cloudflare-worker",
  "version": "1.1.1",
  "lockfileVersion": 1,
  "requires": true,
  "dependencies": {
    "@types/node": {
      "version": "12.12.25",
      "resolved": "https://registry.npmjs.org/@types/node/-/node-12.12.25.tgz",
      "integrity": "sha512-nf1LMGZvgFX186geVZR1xMZKKblJiRfiASTHw85zED2kI1yDKHDwTKMdkaCbTlXoRKlGKaDfYywt+V0As30q3w==",
      "dev": true
    }
  }
}
